
Microsoft Visual Studio Solution File, Format Version 12.00
# Visual Studio 15
VisualStudioVersion = 15.0.27703.2035
MinimumVisualStudioVersion = 10.0.40219.1
Project("{FAE04EC0-301F-11D3-BF4B-00C04F79EFBC}") = "06_Rock_Paper_Scissors_Lizard_Spock", "06_Rock_Paper_Scissors_Lizard_Spock\06_Rock_Paper_Scissors_Lizard_Spock.csproj", "{9E8FB640-2D38-4B5C-9B4C-05EF2AF13192}"
EndProject
Global
	GlobalSection(SolutionConfigurationPlatforms) = preSolution
		Debug|Any CPU = Debug|Any CPU
		Release|Any CPU = Release|Any CPU
	EndGlobalSection
	GlobalSection(ProjectConfigurationPlatforms) = postSolution
		{9E8FB640-2D38-4B5C-9B4C-05EF2AF13192}.Debug|Any CPU.ActiveCfg = Debug|Any CPU
		{9E8FB640-2D38-4B5C-9B4C-05EF2AF13192}.Debug|Any CPU.Build.0 = Debug|Any CPU
		{9E8FB640-2D38-4B5C-9B4C-05EF2AF13192}.Release|Any CPU.ActiveCfg = Release|Any CPU
		{9E8FB640-2D38-4B5C-9B4C-05EF2AF13192}.Release|Any CPU.Build.0 = Release|Any CPU
	EndGlobalSection
	GlobalSection(SolutionProperties) = preSolution
		HideSolutionNode = FALSE
	EndGlobalSection
	GlobalSection(ExtensibilityGlobals) = postSolution
		SolutionGuid = {6B2CABFD-CF34-4A5D-A15E-172FC773DB6A}
	EndGlobalSection
EndGlobal
