
Microsoft Visual Studio Solution File, Format Version 12.00
# Visual Studio 15
VisualStudioVersion = 15.0.27428.2005
MinimumVisualStudioVersion = 10.0.40219.1
Project("{FAE04EC0-301F-11D3-BF4B-00C04F79EFBC}") = "03_TempConverter", "03_TempConverter\03_TempConverter.csproj", "{0CBDF4C1-980C-4117-B378-162179BA3678}"
EndProject
Global
	GlobalSection(SolutionConfigurationPlatforms) = preSolution
		Debug|Any CPU = Debug|Any CPU
		Release|Any CPU = Release|Any CPU
	EndGlobalSection
	GlobalSection(ProjectConfigurationPlatforms) = postSolution
		{0CBDF4C1-980C-4117-B378-162179BA3678}.Debug|Any CPU.ActiveCfg = Debug|Any CPU
		{0CBDF4C1-980C-4117-B378-162179BA3678}.Debug|Any CPU.Build.0 = Debug|Any CPU
		{0CBDF4C1-980C-4117-B378-162179BA3678}.Release|Any CPU.ActiveCfg = Release|Any CPU
		{0CBDF4C1-980C-4117-B378-162179BA3678}.Release|Any CPU.Build.0 = Release|Any CPU
	EndGlobalSection
	GlobalSection(SolutionProperties) = preSolution
		HideSolutionNode = FALSE
	EndGlobalSection
	GlobalSection(ExtensibilityGlobals) = postSolution
		SolutionGuid = {2E9EFFEF-598A-4A17-A924-599885A45006}
	EndGlobalSection
EndGlobal
