
Microsoft Visual Studio Solution File, Format Version 12.00
# Visual Studio 15
VisualStudioVersion = 15.0.27703.2035
MinimumVisualStudioVersion = 10.0.40219.1
Project("{FAE04EC0-301F-11D3-BF4B-00C04F79EFBC}") = "11_Password_Generator", "11_Password_Generator\11_Password_Generator.csproj", "{BF2C52C2-71EB-4D4B-8BE7-7516EC092917}"
EndProject
Global
	GlobalSection(SolutionConfigurationPlatforms) = preSolution
		Debug|Any CPU = Debug|Any CPU
		Release|Any CPU = Release|Any CPU
	EndGlobalSection
	GlobalSection(ProjectConfigurationPlatforms) = postSolution
		{BF2C52C2-71EB-4D4B-8BE7-7516EC092917}.Debug|Any CPU.ActiveCfg = Debug|Any CPU
		{BF2C52C2-71EB-4D4B-8BE7-7516EC092917}.Debug|Any CPU.Build.0 = Debug|Any CPU
		{BF2C52C2-71EB-4D4B-8BE7-7516EC092917}.Release|Any CPU.ActiveCfg = Release|Any CPU
		{BF2C52C2-71EB-4D4B-8BE7-7516EC092917}.Release|Any CPU.Build.0 = Release|Any CPU
	EndGlobalSection
	GlobalSection(SolutionProperties) = preSolution
		HideSolutionNode = FALSE
	EndGlobalSection
	GlobalSection(ExtensibilityGlobals) = postSolution
		SolutionGuid = {4ED19C8D-1149-456B-99B2-816A69E3B0DD}
	EndGlobalSection
EndGlobal
